
Microsoft Visual Studio Solution File, Format Version 12.00
# Visual Studio 2013
VisualStudioVersion = 12.0.40629.0
MinimumVisualStudioVersion = 10.0.40219.1
Project("{2150E333-8FDC-42A3-9474-1A3956D46DE8}") = ".nuget", ".nuget", "{39C76B0F-35BE-4D72-9CA8-C998627BF931}"
	ProjectSection(SolutionItems) = preProject
		.nuget\NuGet.Config = .nuget\NuGet.Config
		.nuget\NuGet.exe = .nuget\NuGet.exe
		.nuget\NuGet.targets = .nuget\NuGet.targets
	EndProjectSection
EndProject
Project("{2150E333-8FDC-42A3-9474-1A3956D46DE8}") = "1-Layers", "1-Layers", "{B6C36AC3-9BF9-4AC7-BDC4-539D99F58629}"
EndProject
Project("{2150E333-8FDC-42A3-9474-1A3956D46DE8}") = "1.4-Domain", "1.4-Domain", "{544D585F-8695-4861-BBFC-2AE943BAD3A7}"
EndProject
Project("{2150E333-8FDC-42A3-9474-1A3956D46DE8}") = "1.3-Application", "1.3-Application", "{AAE407A8-8342-415C-98D9-30C79772D428}"
EndProject
Project("{2150E333-8FDC-42A3-9474-1A3956D46DE8}") = "1.2-Distributed Services", "1.2-Distributed Services", "{0383ACAF-8F6E-4EAB-B203-05A449ADC051}"
EndProject
Project("{2150E333-8FDC-42A3-9474-1A3956D46DE8}") = "1.1-Presentation", "1.1-Presentation", "{DC94965D-E402-4ABD-902C-8D0AF82F1D54}"
EndProject
Project("{2150E333-8FDC-42A3-9474-1A3956D46DE8}") = "0-Modeling and Design", "0-Modeling and Design", "{8C480187-824F-42F6-BDF5-DE85976030D9}"
EndProject
Project("{2150E333-8FDC-42A3-9474-1A3956D46DE8}") = "1.5-Infrastructure", "1.5-Infrastructure", "{C12F8766-FC23-4183-AE7F-F56A8E23A88C}"
EndProject
Project("{2150E333-8FDC-42A3-9474-1A3956D46DE8}") = "1.5.1-Data", "1.5.1-Data", "{5FFCA377-4926-4DF5-9258-E42BD781D6B3}"
EndProject
Project("{2150E333-8FDC-42A3-9474-1A3956D46DE8}") = "1.5.3-CrossCutting", "1.5.3-CrossCutting", "{6B436D7F-1A2A-4FDC-92EF-333EA7429256}"
EndProject
Project("{FAE04EC0-301F-11D3-BF4B-00C04F79EFBC}") = "Infrastructure.Data.Core", "Source\Infrastructure.Data.Core\Infrastructure.Data.Core.csproj", "{7CF855BE-E474-4E2E-83BF-6C9470C9E998}"
EndProject
Project("{FAE04EC0-301F-11D3-BF4B-00C04F79EFBC}") = "Infrastructure.CrossCutting.IoC", "Source\Infrastructure.CrossCutting.IoC\Infrastructure.CrossCutting.IoC.csproj", "{9BBDDAD4-4A38-434F-817A-0C3871C993AB}"
EndProject
Project("{FAE04EC0-301F-11D3-BF4B-00C04F79EFBC}") = "Infrastructure.Data.MainModule", "Source\Infrastructure.Data.MainModule\Infrastructure.Data.MainModule.csproj", "{A24E822C-0ABB-4638-A5EC-B7118A968877}"
EndProject
Project("{FAE04EC0-301F-11D3-BF4B-00C04F79EFBC}") = "Infrastructure.CrossCutting.Email", "Source\Infrastructure.CrossCutting.Email\Infrastructure.CrossCutting.Email.csproj", "{65D44CDF-8B61-4617-9A2E-38BA2677ED19}"
EndProject
Project("{FAE04EC0-301F-11D3-BF4B-00C04F79EFBC}") = "Infrastructure.CrossCutting", "Source\Infrastructure.CrossCutting\Infrastructure.CrossCutting.csproj", "{CA47A45C-A3A7-4DF5-9985-ADAEEB13450A}"
EndProject
Project("{FAE04EC0-301F-11D3-BF4B-00C04F79EFBC}") = "Domain.Core", "Source\Domain.Core\Domain.Core.csproj", "{A3A4E2F2-5156-4A8B-AAA9-48C3C97F6396}"
EndProject
Project("{FAE04EC0-301F-11D3-BF4B-00C04F79EFBC}") = "Domain.MainModule", "Source\Domain.MainModule\Domain.MainModule.csproj", "{687A567E-8B67-49C3-9245-5ACCD025DA60}"
EndProject
Project("{FAE04EC0-301F-11D3-BF4B-00C04F79EFBC}") = "Infrastructure.Data.MainModule.Test", "Testing\Infrastructure.Data.MainModule.Test\Infrastructure.Data.MainModule.Test.csproj", "{4633E2F9-4BA8-492F-BB4C-DABB8FC61B7C}"
EndProject
Project("{FAE04EC0-301F-11D3-BF4B-00C04F79EFBC}") = "Application.MainModule", "Source\Application.MainModule\Application.MainModule.csproj", "{4B79C378-857B-47A0-A43D-677D82FF8598}"
EndProject
Project("{FAE04EC0-301F-11D3-BF4B-00C04F79EFBC}") = "Application.MainModule.DTO", "Source\Application.MainModule.DTO\Application.MainModule.DTO.csproj", "{2D4E3064-4E93-4C1D-B473-1FB0DBE5F09F}"
EndProject
Project("{FAE04EC0-301F-11D3-BF4B-00C04F79EFBC}") = "Application.Core", "Source\Application.Core\Application.Core.csproj", "{7D4CAC9E-274F-43AD-9B79-9AC5DF5DB554}"
EndProject
Project("{2150E333-8FDC-42A3-9474-1A3956D46DE8}") = "2-Database", "2-Database", "{2E9C7C32-0CA7-4BF7-BC71-22CFDC4E735B}"
EndProject
Project("{FAE04EC0-301F-11D3-BF4B-00C04F79EFBC}") = "DataBase.Generator", "Database\DataBase.Generator\DataBase.Generator.csproj", "{BDEE3DC2-24E9-41BC-9C3D-27397682BD69}"
EndProject
Project("{FAE04EC0-301F-11D3-BF4B-00C04F79EFBC}") = "Application.MainModule.Test", "Testing\Application.MainModule.Test\Application.MainModule.Test.csproj", "{E1261352-113B-4A63-BB75-A22E76C20AC2}"
EndProject
Project("{FAE04EC0-301F-11D3-BF4B-00C04F79EFBC}") = "Presentation.Core", "Source\Presentation.Core\Presentation.Core.csproj", "{B7278593-F16D-4BB8-88DD-71A4640E94FE}"
EndProject
Project("{FAE04EC0-301F-11D3-BF4B-00C04F79EFBC}") = "Application.Aspects", "Source\Application.Aspects\Application.Aspects.csproj", "{E2D05C64-5D5F-43C0-B76B-3CB1942C95BC}"
EndProject
Project("{FAE04EC0-301F-11D3-BF4B-00C04F79EFBC}") = "Infrastructure.CrossCutting.Resources", "Source\Infrastructure.CrossCutting.Resources\Infrastructure.CrossCutting.Resources.csproj", "{84E64773-3336-4BFC-BB90-FDD61258064D}"
EndProject
Project("{FAE04EC0-301F-11D3-BF4B-00C04F79EFBC}") = "Presentation.Aspects", "Source\Presentation.Aspects\Presentation.Aspects.csproj", "{85AD401D-8BAE-4E5D-A920-C71F44AB8152}"
EndProject
Project("{2150E333-8FDC-42A3-9474-1A3956D46DE8}") = "3-Testing", "3-Testing", "{CD9F9DDA-E41C-4AF3-88AA-B996FD59CB04}"
EndProject
Project("{FAE04EC0-301F-11D3-BF4B-00C04F79EFBC}") = "Infrastructure.CrossCutting.Cache", "Source\Infrastructure.CrossCutting.Cache\Infrastructure.CrossCutting.Cache.csproj", "{89AFAA3D-42F3-4EE3-8390-81EED9BD8F25}"
EndProject
Project("{FAE04EC0-301F-11D3-BF4B-00C04F79EFBC}") = "Presentation.Web.LoadTest", "Testing\Presentation.Web.LoadTest\Presentation.Web.LoadTest.csproj", "{B541FB78-DE07-43EE-86DF-6318F0EFF009}"
EndProject
Project("{2150E333-8FDC-42A3-9474-1A3956D46DE8}") = "Solution Items", "Solution Items", "{5C426AA8-0F66-45AD-9177-CF10E017D77D}"
	ProjectSection(SolutionItems) = preProject
		Local.testsettings = Local.testsettings
	EndProjectSection
EndProject
Project("{FAE04EC0-301F-11D3-BF4B-00C04F79EFBC}") = "Presentation.Web", "Source\Presentation.Web\Presentation.Web.csproj", "{BEDE3689-20BB-49D9-80FE-480BA233225F}"
EndProject
Global
	GlobalSection(SolutionConfigurationPlatforms) = preSolution
		Debug|Any CPU = Debug|Any CPU
		Release|Any CPU = Release|Any CPU
	EndGlobalSection
	GlobalSection(ProjectConfigurationPlatforms) = postSolution
		{7CF855BE-E474-4E2E-83BF-6C9470C9E998}.Debug|Any CPU.ActiveCfg = Debug|Any CPU
		{7CF855BE-E474-4E2E-83BF-6C9470C9E998}.Debug|Any CPU.Build.0 = Debug|Any CPU
		{7CF855BE-E474-4E2E-83BF-6C9470C9E998}.Release|Any CPU.ActiveCfg = Release|Any CPU
		{7CF855BE-E474-4E2E-83BF-6C9470C9E998}.Release|Any CPU.Build.0 = Release|Any CPU
		{9BBDDAD4-4A38-434F-817A-0C3871C993AB}.Debug|Any CPU.ActiveCfg = Debug|Any CPU
		{9BBDDAD4-4A38-434F-817A-0C3871C993AB}.Debug|Any CPU.Build.0 = Debug|Any CPU
		{9BBDDAD4-4A38-434F-817A-0C3871C993AB}.Release|Any CPU.ActiveCfg = Release|Any CPU
		{9BBDDAD4-4A38-434F-817A-0C3871C993AB}.Release|Any CPU.Build.0 = Release|Any CPU
		{A24E822C-0ABB-4638-A5EC-B7118A968877}.Debug|Any CPU.ActiveCfg = Debug|Any CPU
		{A24E822C-0ABB-4638-A5EC-B7118A968877}.Debug|Any CPU.Build.0 = Debug|Any CPU
		{A24E822C-0ABB-4638-A5EC-B7118A968877}.Release|Any CPU.ActiveCfg = Release|Any CPU
		{A24E822C-0ABB-4638-A5EC-B7118A968877}.Release|Any CPU.Build.0 = Release|Any CPU
		{65D44CDF-8B61-4617-9A2E-38BA2677ED19}.Debug|Any CPU.ActiveCfg = Debug|Any CPU
		{65D44CDF-8B61-4617-9A2E-38BA2677ED19}.Debug|Any CPU.Build.0 = Debug|Any CPU
		{65D44CDF-8B61-4617-9A2E-38BA2677ED19}.Release|Any CPU.ActiveCfg = Release|Any CPU
		{65D44CDF-8B61-4617-9A2E-38BA2677ED19}.Release|Any CPU.Build.0 = Release|Any CPU
		{CA47A45C-A3A7-4DF5-9985-ADAEEB13450A}.Debug|Any CPU.ActiveCfg = Debug|Any CPU
		{CA47A45C-A3A7-4DF5-9985-ADAEEB13450A}.Debug|Any CPU.Build.0 = Debug|Any CPU
		{CA47A45C-A3A7-4DF5-9985-ADAEEB13450A}.Release|Any CPU.ActiveCfg = Release|Any CPU
		{CA47A45C-A3A7-4DF5-9985-ADAEEB13450A}.Release|Any CPU.Build.0 = Release|Any CPU
		{A3A4E2F2-5156-4A8B-AAA9-48C3C97F6396}.Debug|Any CPU.ActiveCfg = Debug|Any CPU
		{A3A4E2F2-5156-4A8B-AAA9-48C3C97F6396}.Debug|Any CPU.Build.0 = Debug|Any CPU
		{A3A4E2F2-5156-4A8B-AAA9-48C3C97F6396}.Release|Any CPU.ActiveCfg = Release|Any CPU
		{A3A4E2F2-5156-4A8B-AAA9-48C3C97F6396}.Release|Any CPU.Build.0 = Release|Any CPU
		{687A567E-8B67-49C3-9245-5ACCD025DA60}.Debug|Any CPU.ActiveCfg = Debug|Any CPU
		{687A567E-8B67-49C3-9245-5ACCD025DA60}.Debug|Any CPU.Build.0 = Debug|Any CPU
		{687A567E-8B67-49C3-9245-5ACCD025DA60}.Release|Any CPU.ActiveCfg = Release|Any CPU
		{687A567E-8B67-49C3-9245-5ACCD025DA60}.Release|Any CPU.Build.0 = Release|Any CPU
		{4633E2F9-4BA8-492F-BB4C-DABB8FC61B7C}.Debug|Any CPU.ActiveCfg = Debug|Any CPU
		{4633E2F9-4BA8-492F-BB4C-DABB8FC61B7C}.Debug|Any CPU.Build.0 = Debug|Any CPU
		{4633E2F9-4BA8-492F-BB4C-DABB8FC61B7C}.Release|Any CPU.ActiveCfg = Release|Any CPU
		{4633E2F9-4BA8-492F-BB4C-DABB8FC61B7C}.Release|Any CPU.Build.0 = Release|Any CPU
		{4B79C378-857B-47A0-A43D-677D82FF8598}.Debug|Any CPU.ActiveCfg = Debug|Any CPU
		{4B79C378-857B-47A0-A43D-677D82FF8598}.Debug|Any CPU.Build.0 = Debug|Any CPU
		{4B79C378-857B-47A0-A43D-677D82FF8598}.Release|Any CPU.ActiveCfg = Release|Any CPU
		{4B79C378-857B-47A0-A43D-677D82FF8598}.Release|Any CPU.Build.0 = Release|Any CPU
		{2D4E3064-4E93-4C1D-B473-1FB0DBE5F09F}.Debug|Any CPU.ActiveCfg = Debug|Any CPU
		{2D4E3064-4E93-4C1D-B473-1FB0DBE5F09F}.Debug|Any CPU.Build.0 = Debug|Any CPU
		{2D4E3064-4E93-4C1D-B473-1FB0DBE5F09F}.Release|Any CPU.ActiveCfg = Release|Any CPU
		{2D4E3064-4E93-4C1D-B473-1FB0DBE5F09F}.Release|Any CPU.Build.0 = Release|Any CPU
		{7D4CAC9E-274F-43AD-9B79-9AC5DF5DB554}.Debug|Any CPU.ActiveCfg = Debug|Any CPU
		{7D4CAC9E-274F-43AD-9B79-9AC5DF5DB554}.Debug|Any CPU.Build.0 = Debug|Any CPU
		{7D4CAC9E-274F-43AD-9B79-9AC5DF5DB554}.Release|Any CPU.ActiveCfg = Release|Any CPU
		{7D4CAC9E-274F-43AD-9B79-9AC5DF5DB554}.Release|Any CPU.Build.0 = Release|Any CPU
		{BDEE3DC2-24E9-41BC-9C3D-27397682BD69}.Debug|Any CPU.ActiveCfg = Debug|Any CPU
		{BDEE3DC2-24E9-41BC-9C3D-27397682BD69}.Release|Any CPU.ActiveCfg = Release|Any CPU
		{BDEE3DC2-24E9-41BC-9C3D-27397682BD69}.Release|Any CPU.Build.0 = Release|Any CPU
		{E1261352-113B-4A63-BB75-A22E76C20AC2}.Debug|Any CPU.ActiveCfg = Debug|Any CPU
		{E1261352-113B-4A63-BB75-A22E76C20AC2}.Debug|Any CPU.Build.0 = Debug|Any CPU
		{E1261352-113B-4A63-BB75-A22E76C20AC2}.Release|Any CPU.ActiveCfg = Release|Any CPU
		{E1261352-113B-4A63-BB75-A22E76C20AC2}.Release|Any CPU.Build.0 = Release|Any CPU
		{B7278593-F16D-4BB8-88DD-71A4640E94FE}.Debug|Any CPU.ActiveCfg = Debug|Any CPU
		{B7278593-F16D-4BB8-88DD-71A4640E94FE}.Debug|Any CPU.Build.0 = Debug|Any CPU
		{B7278593-F16D-4BB8-88DD-71A4640E94FE}.Release|Any CPU.ActiveCfg = Release|Any CPU
		{B7278593-F16D-4BB8-88DD-71A4640E94FE}.Release|Any CPU.Build.0 = Release|Any CPU
		{E2D05C64-5D5F-43C0-B76B-3CB1942C95BC}.Debug|Any CPU.ActiveCfg = Debug|Any CPU
		{E2D05C64-5D5F-43C0-B76B-3CB1942C95BC}.Debug|Any CPU.Build.0 = Debug|Any CPU
		{E2D05C64-5D5F-43C0-B76B-3CB1942C95BC}.Release|Any CPU.ActiveCfg = Release|Any CPU
		{E2D05C64-5D5F-43C0-B76B-3CB1942C95BC}.Release|Any CPU.Build.0 = Release|Any CPU
		{84E64773-3336-4BFC-BB90-FDD61258064D}.Debug|Any CPU.ActiveCfg = Debug|Any CPU
		{84E64773-3336-4BFC-BB90-FDD61258064D}.Debug|Any CPU.Build.0 = Debug|Any CPU
		{84E64773-3336-4BFC-BB90-FDD61258064D}.Release|Any CPU.ActiveCfg = Release|Any CPU
		{84E64773-3336-4BFC-BB90-FDD61258064D}.Release|Any CPU.Build.0 = Release|Any CPU
		{85AD401D-8BAE-4E5D-A920-C71F44AB8152}.Debug|Any CPU.ActiveCfg = Debug|Any CPU
		{85AD401D-8BAE-4E5D-A920-C71F44AB8152}.Debug|Any CPU.Build.0 = Debug|Any CPU
		{85AD401D-8BAE-4E5D-A920-C71F44AB8152}.Release|Any CPU.ActiveCfg = Release|Any CPU
		{85AD401D-8BAE-4E5D-A920-C71F44AB8152}.Release|Any CPU.Build.0 = Release|Any CPU
		{89AFAA3D-42F3-4EE3-8390-81EED9BD8F25}.Debug|Any CPU.ActiveCfg = Debug|Any CPU
		{89AFAA3D-42F3-4EE3-8390-81EED9BD8F25}.Debug|Any CPU.Build.0 = Debug|Any CPU
		{89AFAA3D-42F3-4EE3-8390-81EED9BD8F25}.Release|Any CPU.ActiveCfg = Release|Any CPU
		{89AFAA3D-42F3-4EE3-8390-81EED9BD8F25}.Release|Any CPU.Build.0 = Release|Any CPU
		{B541FB78-DE07-43EE-86DF-6318F0EFF009}.Debug|Any CPU.ActiveCfg = Debug|Any CPU
		{B541FB78-DE07-43EE-86DF-6318F0EFF009}.Release|Any CPU.ActiveCfg = Release|Any CPU
		{B541FB78-DE07-43EE-86DF-6318F0EFF009}.Release|Any CPU.Build.0 = Release|Any CPU
		{BEDE3689-20BB-49D9-80FE-480BA233225F}.Debug|Any CPU.ActiveCfg = Debug|Any CPU
		{BEDE3689-20BB-49D9-80FE-480BA233225F}.Debug|Any CPU.Build.0 = Debug|Any CPU
		{BEDE3689-20BB-49D9-80FE-480BA233225F}.Release|Any CPU.ActiveCfg = Release|Any CPU
		{BEDE3689-20BB-49D9-80FE-480BA233225F}.Release|Any CPU.Build.0 = Release|Any CPU
	EndGlobalSection
	GlobalSection(SolutionProperties) = preSolution
		HideSolutionNode = FALSE
	EndGlobalSection
	GlobalSection(NestedProjects) = preSolution
		{544D585F-8695-4861-BBFC-2AE943BAD3A7} = {B6C36AC3-9BF9-4AC7-BDC4-539D99F58629}
		{AAE407A8-8342-415C-98D9-30C79772D428} = {B6C36AC3-9BF9-4AC7-BDC4-539D99F58629}
		{0383ACAF-8F6E-4EAB-B203-05A449ADC051} = {B6C36AC3-9BF9-4AC7-BDC4-539D99F58629}
		{DC94965D-E402-4ABD-902C-8D0AF82F1D54} = {B6C36AC3-9BF9-4AC7-BDC4-539D99F58629}
		{C12F8766-FC23-4183-AE7F-F56A8E23A88C} = {B6C36AC3-9BF9-4AC7-BDC4-539D99F58629}
		{5FFCA377-4926-4DF5-9258-E42BD781D6B3} = {C12F8766-FC23-4183-AE7F-F56A8E23A88C}
		{6B436D7F-1A2A-4FDC-92EF-333EA7429256} = {C12F8766-FC23-4183-AE7F-F56A8E23A88C}
		{7CF855BE-E474-4E2E-83BF-6C9470C9E998} = {5FFCA377-4926-4DF5-9258-E42BD781D6B3}
		{9BBDDAD4-4A38-434F-817A-0C3871C993AB} = {6B436D7F-1A2A-4FDC-92EF-333EA7429256}
		{A24E822C-0ABB-4638-A5EC-B7118A968877} = {5FFCA377-4926-4DF5-9258-E42BD781D6B3}
		{65D44CDF-8B61-4617-9A2E-38BA2677ED19} = {6B436D7F-1A2A-4FDC-92EF-333EA7429256}
		{CA47A45C-A3A7-4DF5-9985-ADAEEB13450A} = {6B436D7F-1A2A-4FDC-92EF-333EA7429256}
		{A3A4E2F2-5156-4A8B-AAA9-48C3C97F6396} = {544D585F-8695-4861-BBFC-2AE943BAD3A7}
		{687A567E-8B67-49C3-9245-5ACCD025DA60} = {544D585F-8695-4861-BBFC-2AE943BAD3A7}
		{4633E2F9-4BA8-492F-BB4C-DABB8FC61B7C} = {CD9F9DDA-E41C-4AF3-88AA-B996FD59CB04}
		{4B79C378-857B-47A0-A43D-677D82FF8598} = {AAE407A8-8342-415C-98D9-30C79772D428}
		{2D4E3064-4E93-4C1D-B473-1FB0DBE5F09F} = {AAE407A8-8342-415C-98D9-30C79772D428}
		{7D4CAC9E-274F-43AD-9B79-9AC5DF5DB554} = {AAE407A8-8342-415C-98D9-30C79772D428}
		{BDEE3DC2-24E9-41BC-9C3D-27397682BD69} = {2E9C7C32-0CA7-4BF7-BC71-22CFDC4E735B}
		{E1261352-113B-4A63-BB75-A22E76C20AC2} = {CD9F9DDA-E41C-4AF3-88AA-B996FD59CB04}
		{B7278593-F16D-4BB8-88DD-71A4640E94FE} = {DC94965D-E402-4ABD-902C-8D0AF82F1D54}
		{E2D05C64-5D5F-43C0-B76B-3CB1942C95BC} = {AAE407A8-8342-415C-98D9-30C79772D428}
		{84E64773-3336-4BFC-BB90-FDD61258064D} = {6B436D7F-1A2A-4FDC-92EF-333EA7429256}
		{85AD401D-8BAE-4E5D-A920-C71F44AB8152} = {DC94965D-E402-4ABD-902C-8D0AF82F1D54}
		{89AFAA3D-42F3-4EE3-8390-81EED9BD8F25} = {6B436D7F-1A2A-4FDC-92EF-333EA7429256}
		{B541FB78-DE07-43EE-86DF-6318F0EFF009} = {CD9F9DDA-E41C-4AF3-88AA-B996FD59CB04}
		{5C426AA8-0F66-45AD-9177-CF10E017D77D} = {CD9F9DDA-E41C-4AF3-88AA-B996FD59CB04}
		{BEDE3689-20BB-49D9-80FE-480BA233225F} = {DC94965D-E402-4ABD-902C-8D0AF82F1D54}
	EndGlobalSection
EndGlobal
